// !$*UTF8*$!
{
	archiveVersion = 1;
	classes = {
	};
	objectVersion = 56;
	objects = {

/* Begin PBXBuildFile section */
		CA08AE482918DC7B00907C6E /* UIView+Tools.m in Sources */ = {isa = PBXBuildFile; fileRef = CA08AE472918DC7B00907C6E /* UIView+Tools.m */; };
		CA09E2142990EC6A00E4942B /* NTOneDownFileVC.m in Sources */ = {isa = PBXBuildFile; fileRef = CA09E2122990EC6A00E4942B /* NTOneDownFileVC.m */; };
		CA09E2152990EC6A00E4942B /* NTOneDownFileVC.xib in Resources */ = {isa = PBXBuildFile; fileRef = CA09E2132990EC6A00E4942B /* NTOneDownFileVC.xib */; };
		CA09E21C2992269600E4942B /* NTZipArchiveVC.m in Sources */ = {isa = PBXBuildFile; fileRef = CA09E21A2992269600E4942B /* NTZipArchiveVC.m */; };
		CA09E21D2992269600E4942B /* NTZipArchiveVC.xib in Resources */ = {isa = PBXBuildFile; fileRef = CA09E21B2992269600E4942B /* NTZipArchiveVC.xib */; };
		CA09E22529924A4500E4942B /* NTOutputStreamVC.m in Sources */ = {isa = PBXBuildFile; fileRef = CA09E22329924A4500E4942B /* NTOutputStreamVC.m */; };
		CA09E22629924A4500E4942B /* NTOutputStreamVC.xib in Resources */ = {isa = PBXBuildFile; fileRef = CA09E22429924A4500E4942B /* NTOutputStreamVC.xib */; };
		CA09E22C29944CCB00E4942B /* NTAFNUploadVC.m in Sources */ = {isa = PBXBuildFile; fileRef = CA09E22A29944CCB00E4942B /* NTAFNUploadVC.m */; };
		CA09E22D29944CCB00E4942B /* NTAFNUploadVC.xib in Resources */ = {isa = PBXBuildFile; fileRef = CA09E22B29944CCB00E4942B /* NTAFNUploadVC.xib */; };
		CA09E23229944F2500E4942B /* NTReachabilityVC.m in Sources */ = {isa = PBXBuildFile; fileRef = CA09E23029944F2500E4942B /* NTReachabilityVC.m */; };
		CA09E23329944F2500E4942B /* NTReachabilityVC.xib in Resources */ = {isa = PBXBuildFile; fileRef = CA09E23129944F2500E4942B /* NTReachabilityVC.xib */; };
		CA09E23929947F9100E4942B /* NTHTMLABCVC.m in Sources */ = {isa = PBXBuildFile; fileRef = CA09E23729947F9100E4942B /* NTHTMLABCVC.m */; };
		CA09E23A29947F9100E4942B /* NTHTMLABCVC.xib in Resources */ = {isa = PBXBuildFile; fileRef = CA09E23829947F9100E4942B /* NTHTMLABCVC.xib */; };
		CA09E23C2994803F00E4942B /* test.html in Resources */ = {isa = PBXBuildFile; fileRef = CA09E23B2994803F00E4942B /* test.html */; };
		CA4F710E29407D4D007957D4 /* CustomEqualCell.m in Sources */ = {isa = PBXBuildFile; fileRef = CA4F710C29407D4D007957D4 /* CustomEqualCell.m */; };
		CA4F710F29407D4D007957D4 /* CustomEqualCell.xib in Resources */ = {isa = PBXBuildFile; fileRef = CA4F710D29407D4D007957D4 /* CustomEqualCell.xib */; };
		CA75DB512918A93C0038E172 /* AppDelegate.m in Sources */ = {isa = PBXBuildFile; fileRef = CA75DB502918A93C0038E172 /* AppDelegate.m */; };
		CA75DB542918A93C0038E172 /* SceneDelegate.m in Sources */ = {isa = PBXBuildFile; fileRef = CA75DB532918A93C0038E172 /* SceneDelegate.m */; };
		CA75DB572918A93C0038E172 /* ViewController.m in Sources */ = {isa = PBXBuildFile; fileRef = CA75DB562918A93C0038E172 /* ViewController.m */; };
		CA75DB5A2918A93C0038E172 /* Main.storyboard in Resources */ = {isa = PBXBuildFile; fileRef = CA75DB582918A93C0038E172 /* Main.storyboard */; };
		CA75DB5C2918A93E0038E172 /* Assets.xcassets in Resources */ = {isa = PBXBuildFile; fileRef = CA75DB5B2918A93E0038E172 /* Assets.xcassets */; };
		CA75DB5F2918A93E0038E172 /* LaunchScreen.storyboard in Resources */ = {isa = PBXBuildFile; fileRef = CA75DB5D2918A93E0038E172 /* LaunchScreen.storyboard */; };
		CA75DB622918A93E0038E172 /* main.m in Sources */ = {isa = PBXBuildFile; fileRef = CA75DB612918A93E0038E172 /* main.m */; };
		CAC023FC2918CD3D00B0A827 /* ViewNoteController.m in Sources */ = {isa = PBXBuildFile; fileRef = CAC023FA2918CD3D00B0A827 /* ViewNoteController.m */; };
		CAC023FD2918CD3D00B0A827 /* ViewNoteController.xib in Resources */ = {isa = PBXBuildFile; fileRef = CAC023FB2918CD3D00B0A827 /* ViewNoteController.xib */; };
		CAC89C9329385C5300ED408E /* PlistLoadVC.m in Sources */ = {isa = PBXBuildFile; fileRef = CAC89C9129385C5300ED408E /* PlistLoadVC.m */; };
		CAC89C9429385C5300ED408E /* PlistLoadVC.xib in Resources */ = {isa = PBXBuildFile; fileRef = CAC89C9229385C5300ED408E /* PlistLoadVC.xib */; };
		CAC89C9D29385E8900ED408E /* XcodeVC.m in Sources */ = {isa = PBXBuildFile; fileRef = CAC89C9B29385E8900ED408E /* XcodeVC.m */; };
		CAC89C9E29385E8900ED408E /* XcodeVC.xib in Resources */ = {isa = PBXBuildFile; fileRef = CAC89C9C29385E8900ED408E /* XcodeVC.xib */; };
		CAC89CA1293874B300ED408E /* shops.plist in Resources */ = {isa = PBXBuildFile; fileRef = CAC89CA0293874B300ED408E /* shops.plist */; };
		CAC89CA52938DAA000ED408E /* CustomViewClass.m in Sources */ = {isa = PBXBuildFile; fileRef = CAC89CA42938DAA000ED408E /* CustomViewClass.m */; };
		CAC89CA72938DAB300ED408E /* CustomViewClass.xib in Resources */ = {isa = PBXBuildFile; fileRef = CAC89CA62938DAB300ED408E /* CustomViewClass.xib */; };
		CAC89CB12938E7E900ED408E /* ScrollVC.m in Sources */ = {isa = PBXBuildFile; fileRef = CAC89CAF2938E7E900ED408E /* ScrollVC.m */; };
		CAC89CB22938E7E900ED408E /* ScrollVC.xib in Resources */ = {isa = PBXBuildFile; fileRef = CAC89CB02938E7E900ED408E /* ScrollVC.xib */; };
		CAD60C3A29407EFA006A01D5 /* XMGDeal.m in Sources */ = {isa = PBXBuildFile; fileRef = CAD60C3929407EFA006A01D5 /* XMGDeal.m */; };
		CAD60C3C2940800E006A01D5 /* deals.plist in Resources */ = {isa = PBXBuildFile; fileRef = CAD60C3B2940800E006A01D5 /* deals.plist */; };
		CAD60C43294088CB006A01D5 /* XMGStatus.m in Sources */ = {isa = PBXBuildFile; fileRef = CAD60C3E294088CB006A01D5 /* XMGStatus.m */; };
		CAD60C44294088CB006A01D5 /* XMGStatusCell.xib in Resources */ = {isa = PBXBuildFile; fileRef = CAD60C3F294088CB006A01D5 /* XMGStatusCell.xib */; };
		CAD60C45294088CB006A01D5 /* XMGStatusCell.m in Sources */ = {isa = PBXBuildFile; fileRef = CAD60C42294088CB006A01D5 /* XMGStatusCell.m */; };
		CAD60C47294088DE006A01D5 /* statuses.plist in Resources */ = {isa = PBXBuildFile; fileRef = CAD60C46294088DE006A01D5 /* statuses.plist */; };
		CAD60C57294F6474006A01D5 /* XMGDealCell.m in Sources */ = {isa = PBXBuildFile; fileRef = CAD60C54294F6474006A01D5 /* XMGDealCell.m */; };
		CAD60C58294F6474006A01D5 /* XMGDealCell.xib in Resources */ = {isa = PBXBuildFile; fileRef = CAD60C56294F6474006A01D5 /* XMGDealCell.xib */; };
		CAD60C5C294F64C7006A01D5 /* XMGDealsViewController.m in Sources */ = {isa = PBXBuildFile; fileRef = CAD60C5A294F64C7006A01D5 /* XMGDealsViewController.m */; };
		CAD60C5D294F64C7006A01D5 /* XMGDealsViewController.xib in Resources */ = {isa = PBXBuildFile; fileRef = CAD60C5B294F64C7006A01D5 /* XMGDealsViewController.xib */; };
		CAD60C62296D262E006A01D5 /* PickerViewNoteVC.m in Sources */ = {isa = PBXBuildFile; fileRef = CAD60C60296D262E006A01D5 /* PickerViewNoteVC.m */; };
		CAD60C63296D262E006A01D5 /* PickerViewNoteVC.xib in Resources */ = {isa = PBXBuildFile; fileRef = CAD60C61296D262E006A01D5 /* PickerViewNoteVC.xib */; };
		CAD60C65296D27A0006A01D5 /* foods.plist in Resources */ = {isa = PBXBuildFile; fileRef = CAD60C64296D27A0006A01D5 /* foods.plist */; };
		CAD60C6A296EB119006A01D5 /* CLJDatePickAndCityPickVC.m in Sources */ = {isa = PBXBuildFile; fileRef = CAD60C68296EB119006A01D5 /* CLJDatePickAndCityPickVC.m */; };
		CAD60C6B296EB119006A01D5 /* CLJDatePickAndCityPickVC.xib in Resources */ = {isa = PBXBuildFile; fileRef = CAD60C69296EB119006A01D5 /* CLJDatePickAndCityPickVC.xib */; };
		CAD60C6E296EB1E9006A01D5 /* XMGProvince.m in Sources */ = {isa = PBXBuildFile; fileRef = CAD60C6C296EB1E9006A01D5 /* XMGProvince.m */; };
		CAD60C70296EB1F9006A01D5 /* provinces.plist in Resources */ = {isa = PBXBuildFile; fileRef = CAD60C6F296EB1F9006A01D5 /* provinces.plist */; };
		CAD60C7629715B61006A01D5 /* NTUIApplicationVC.m in Sources */ = {isa = PBXBuildFile; fileRef = CAD60C7429715B61006A01D5 /* NTUIApplicationVC.m */; };
		CAD60C7729715B61006A01D5 /* NTUIApplicationVC.xib in Resources */ = {isa = PBXBuildFile; fileRef = CAD60C7529715B61006A01D5 /* NTUIApplicationVC.xib */; };
		CAD60C7A29716502006A01D5 /* NTAppDelegate.m in Sources */ = {isa = PBXBuildFile; fileRef = CAD60C7929716502006A01D5 /* NTAppDelegate.m */; };
		CAD60C812973E4AF006A01D5 /* NTNavVC.m in Sources */ = {isa = PBXBuildFile; fileRef = CAD60C7F2973E4AF006A01D5 /* NTNavVC.m */; };
		CAD60C822973E4AF006A01D5 /* NTNavVC.xib in Resources */ = {isa = PBXBuildFile; fileRef = CAD60C802973E4AF006A01D5 /* NTNavVC.xib */; };
		CAD60C872973F3EE006A01D5 /* NTTips.m in Sources */ = {isa = PBXBuildFile; fileRef = CAD60C852973F3EE006A01D5 /* NTTips.m */; };
		CAD60C882973F3EE006A01D5 /* NTTips.xib in Resources */ = {isa = PBXBuildFile; fileRef = CAD60C862973F3EE006A01D5 /* NTTips.xib */; };
		CAD60C8E29755AF6006A01D5 /* NTValueTransmitVC.m in Sources */ = {isa = PBXBuildFile; fileRef = CAD60C8C29755AF6006A01D5 /* NTValueTransmitVC.m */; };
		CAD60C8F29755AF6006A01D5 /* NTValueTransmitVC.xib in Resources */ = {isa = PBXBuildFile; fileRef = CAD60C8D29755AF6006A01D5 /* NTValueTransmitVC.xib */; };
		CAD60C94297802AE006A01D5 /* NTUICollectionViewVC.m in Sources */ = {isa = PBXBuildFile; fileRef = CAD60C92297802AE006A01D5 /* NTUICollectionViewVC.m */; };
		CAD60C95297802AE006A01D5 /* NTUICollectionViewVC.xib in Resources */ = {isa = PBXBuildFile; fileRef = CAD60C93297802AE006A01D5 /* NTUICollectionViewVC.xib */; };
		CAD60C99297FD354006A01D5 /* NTCollectionViewCell.m in Sources */ = {isa = PBXBuildFile; fileRef = CAD60C97297FD354006A01D5 /* NTCollectionViewCell.m */; };
		CAD60C9A297FD354006A01D5 /* NTCollectionViewCell.xib in Resources */ = {isa = PBXBuildFile; fileRef = CAD60C98297FD354006A01D5 /* NTCollectionViewCell.xib */; };
		CAD60C9F298244D7006A01D5 /* RedView.m in Sources */ = {isa = PBXBuildFile; fileRef = CAD60C9E298244D7006A01D5 /* RedView.m */; };
		CAD60CA42982534C006A01D5 /* NTGestureVC.m in Sources */ = {isa = PBXBuildFile; fileRef = CAD60CA22982534C006A01D5 /* NTGestureVC.m */; };
		CAD60CA52982534C006A01D5 /* NTGestureVC.xib in Resources */ = {isa = PBXBuildFile; fileRef = CAD60CA32982534C006A01D5 /* NTGestureVC.xib */; };
		CAD60CAB298274C5006A01D5 /* NTImageDrawVC.m in Sources */ = {isa = PBXBuildFile; fileRef = CAD60CA9298274C5006A01D5 /* NTImageDrawVC.m */; };
		CAD60CAC298274C5006A01D5 /* NTImageDrawVC.xib in Resources */ = {isa = PBXBuildFile; fileRef = CAD60CAA298274C5006A01D5 /* NTImageDrawVC.xib */; };
		CAD60CAF29827845006A01D5 /* UIImage+Image.m in Sources */ = {isa = PBXBuildFile; fileRef = CAD60CAE29827845006A01D5 /* UIImage+Image.m */; };
		CAD60CB42984F571006A01D5 /* NTClipImageVC.m in Sources */ = {isa = PBXBuildFile; fileRef = CAD60CB22984F571006A01D5 /* NTClipImageVC.m */; };
		CAD60CB52984F571006A01D5 /* NTClipImageVC.xib in Resources */ = {isa = PBXBuildFile; fileRef = CAD60CB32984F571006A01D5 /* NTClipImageVC.xib */; };
		CAD60CBA298680E3006A01D5 /* XMGPerson.m in Sources */ = {isa = PBXBuildFile; fileRef = CAD60CB8298680E3006A01D5 /* XMGPerson.m */; };
		CADB038F293C9B7F00DBEDB6 /* XMGPageView.m in Sources */ = {isa = PBXBuildFile; fileRef = CADB038D293C9B7F00DBEDB6 /* XMGPageView.m */; };
		CADB0390293C9B7F00DBEDB6 /* XMGPageView.xib in Resources */ = {isa = PBXBuildFile; fileRef = CADB038E293C9B7F00DBEDB6 /* XMGPageView.xib */; };
		CADB0395293DF20400DBEDB6 /* TableViewNoteVC.m in Sources */ = {isa = PBXBuildFile; fileRef = CADB0393293DF20400DBEDB6 /* TableViewNoteVC.m */; };
		CADB0396293DF20400DBEDB6 /* TableViewNoteVC.xib in Resources */ = {isa = PBXBuildFile; fileRef = CADB0394293DF20400DBEDB6 /* TableViewNoteVC.xib */; };
		CAF491C429953A370052B16B /* NTWebViewOCAndJSVC.m in Sources */ = {isa = PBXBuildFile; fileRef = CAF491C229953A370052B16B /* NTWebViewOCAndJSVC.m */; };
		CAF491C529953A370052B16B /* NTWebViewOCAndJSVC.xib in Resources */ = {isa = PBXBuildFile; fileRef = CAF491C329953A370052B16B /* NTWebViewOCAndJSVC.xib */; };
		CAF491C729953D470052B16B /* index.html in Resources */ = {isa = PBXBuildFile; fileRef = CAF491C629953D470052B16B /* index.html */; };
		D88D6F43BE0D49FA51C97D0B /* Pods_iOSNote_OC.framework in Frameworks */ = {isa = PBXBuildFile; fileRef = 782CD2B76A1DF9F32227510A /* Pods_iOSNote_OC.framework */; };
/* End PBXBuildFile section */

/* Begin PBXFileReference section */
		5A80020D78EAC93EB7782A82 /* Pods-iOSNote-OC.release.xcconfig */ = {isa = PBXFileReference; includeInIndex = 1; lastKnownFileType = text.xcconfig; name = "Pods-iOSNote-OC.release.xcconfig"; path = "Target Support Files/Pods-iOSNote-OC/Pods-iOSNote-OC.release.xcconfig"; sourceTree = "<group>"; };
		782CD2B76A1DF9F32227510A /* Pods_iOSNote_OC.framework */ = {isa = PBXFileReference; explicitFileType = wrapper.framework; includeInIndex = 0; path = Pods_iOSNote_OC.framework; sourceTree = BUILT_PRODUCTS_DIR; };
		AEC64D221D2C1FB194FFEA45 /* Pods-iOSNote-OC.debug.xcconfig */ = {isa = PBXFileReference; includeInIndex = 1; lastKnownFileType = text.xcconfig; name = "Pods-iOSNote-OC.debug.xcconfig"; path = "Target Support Files/Pods-iOSNote-OC/Pods-iOSNote-OC.debug.xcconfig"; sourceTree = "<group>"; };
		CA08AE462918DC7B00907C6E /* UIView+Tools.h */ = {isa = PBXFileReference; lastKnownFileType = sourcecode.c.h; path = "UIView+Tools.h"; sourceTree = "<group>"; };
		CA08AE472918DC7B00907C6E /* UIView+Tools.m */ = {isa = PBXFileReference; lastKnownFileType = sourcecode.c.objc; path = "UIView+Tools.m"; sourceTree = "<group>"; };
		CA09E2112990EC6A00E4942B /* NTOneDownFileVC.h */ = {isa = PBXFileReference; lastKnownFileType = sourcecode.c.h; path = NTOneDownFileVC.h; sourceTree = "<group>"; };
		CA09E2122990EC6A00E4942B /* NTOneDownFileVC.m */ = {isa = PBXFileReference; lastKnownFileType = sourcecode.c.objc; path = NTOneDownFileVC.m; sourceTree = "<group>"; };
		CA09E2132990EC6A00E4942B /* NTOneDownFileVC.xib */ = {isa = PBXFileReference; lastKnownFileType = file.xib; path = NTOneDownFileVC.xib; sourceTree = "<group>"; };
		CA09E2192992269600E4942B /* NTZipArchiveVC.h */ = {isa = PBXFileReference; lastKnownFileType = sourcecode.c.h; path = NTZipArchiveVC.h; sourceTree = "<group>"; };
		CA09E21A2992269600E4942B /* NTZipArchiveVC.m */ = {isa = PBXFileReference; lastKnownFileType = sourcecode.c.objc; path = NTZipArchiveVC.m; sourceTree = "<group>"; };
		CA09E21B2992269600E4942B /* NTZipArchiveVC.xib */ = {isa = PBXFileReference; lastKnownFileType = file.xib; path = NTZipArchiveVC.xib; sourceTree = "<group>"; };
		CA09E22229924A4500E4942B /* NTOutputStreamVC.h */ = {isa = PBXFileReference; lastKnownFileType = sourcecode.c.h; path = NTOutputStreamVC.h; sourceTree = "<group>"; };
		CA09E22329924A4500E4942B /* NTOutputStreamVC.m */ = {isa = PBXFileReference; lastKnownFileType = sourcecode.c.objc; path = NTOutputStreamVC.m; sourceTree = "<group>"; };
		CA09E22429924A4500E4942B /* NTOutputStreamVC.xib */ = {isa = PBXFileReference; lastKnownFileType = file.xib; path = NTOutputStreamVC.xib; sourceTree = "<group>"; };
		CA09E22929944CCB00E4942B /* NTAFNUploadVC.h */ = {isa = PBXFileReference; lastKnownFileType = sourcecode.c.h; path = NTAFNUploadVC.h; sourceTree = "<group>"; };
		CA09E22A29944CCB00E4942B /* NTAFNUploadVC.m */ = {isa = PBXFileReference; lastKnownFileType = sourcecode.c.objc; path = NTAFNUploadVC.m; sourceTree = "<group>"; };
		CA09E22B29944CCB00E4942B /* NTAFNUploadVC.xib */ = {isa = PBXFileReference; lastKnownFileType = file.xib; path = NTAFNUploadVC.xib; sourceTree = "<group>"; };
		CA09E22F29944F2500E4942B /* NTReachabilityVC.h */ = {isa = PBXFileReference; lastKnownFileType = sourcecode.c.h; path = NTReachabilityVC.h; sourceTree = "<group>"; };
		CA09E23029944F2500E4942B /* NTReachabilityVC.m */ = {isa = PBXFileReference; lastKnownFileType = sourcecode.c.objc; path = NTReachabilityVC.m; sourceTree = "<group>"; };
		CA09E23129944F2500E4942B /* NTReachabilityVC.xib */ = {isa = PBXFileReference; lastKnownFileType = file.xib; path = NTReachabilityVC.xib; sourceTree = "<group>"; };
		CA09E23629947F9100E4942B /* NTHTMLABCVC.h */ = {isa = PBXFileReference; lastKnownFileType = sourcecode.c.h; path = NTHTMLABCVC.h; sourceTree = "<group>"; };
		CA09E23729947F9100E4942B /* NTHTMLABCVC.m */ = {isa = PBXFileReference; lastKnownFileType = sourcecode.c.objc; path = NTHTMLABCVC.m; sourceTree = "<group>"; };
		CA09E23829947F9100E4942B /* NTHTMLABCVC.xib */ = {isa = PBXFileReference; lastKnownFileType = file.xib; path = NTHTMLABCVC.xib; sourceTree = "<group>"; };
		CA09E23B2994803F00E4942B /* test.html */ = {isa = PBXFileReference; fileEncoding = 4; lastKnownFileType = text.html; path = test.html; sourceTree = "<group>"; };
		CA4F710B29407D4D007957D4 /* CustomEqualCell.h */ = {isa = PBXFileReference; lastKnownFileType = sourcecode.c.h; path = CustomEqualCell.h; sourceTree = "<group>"; };
		CA4F710C29407D4D007957D4 /* CustomEqualCell.m */ = {isa = PBXFileReference; lastKnownFileType = sourcecode.c.objc; path = CustomEqualCell.m; sourceTree = "<group>"; };
		CA4F710D29407D4D007957D4 /* CustomEqualCell.xib */ = {isa = PBXFileReference; lastKnownFileType = file.xib; path = CustomEqualCell.xib; sourceTree = "<group>"; };
		CA75DB4C2918A93C0038E172 /* iOSNote-OC.app */ = {isa = PBXFileReference; explicitFileType = wrapper.application; includeInIndex = 0; path = "iOSNote-OC.app"; sourceTree = BUILT_PRODUCTS_DIR; };
		CA75DB4F2918A93C0038E172 /* AppDelegate.h */ = {isa = PBXFileReference; lastKnownFileType = sourcecode.c.h; path = AppDelegate.h; sourceTree = "<group>"; };
		CA75DB502918A93C0038E172 /* AppDelegate.m */ = {isa = PBXFileReference; lastKnownFileType = sourcecode.c.objc; path = AppDelegate.m; sourceTree = "<group>"; };
		CA75DB522918A93C0038E172 /* SceneDelegate.h */ = {isa = PBXFileReference; lastKnownFileType = sourcecode.c.h; path = SceneDelegate.h; sourceTree = "<group>"; };
		CA75DB532918A93C0038E172 /* SceneDelegate.m */ = {isa = PBXFileReference; lastKnownFileType = sourcecode.c.objc; path = SceneDelegate.m; sourceTree = "<group>"; };
		CA75DB552918A93C0038E172 /* ViewController.h */ = {isa = PBXFileReference; lastKnownFileType = sourcecode.c.h; path = ViewController.h; sourceTree = "<group>"; };
		CA75DB562918A93C0038E172 /* ViewController.m */ = {isa = PBXFileReference; lastKnownFileType = sourcecode.c.objc; path = ViewController.m; sourceTree = "<group>"; };
		CA75DB592918A93C0038E172 /* Base */ = {isa = PBXFileReference; lastKnownFileType = file.storyboard; name = Base; path = Base.lproj/Main.storyboard; sourceTree = "<group>"; };
		CA75DB5B2918A93E0038E172 /* Assets.xcassets */ = {isa = PBXFileReference; lastKnownFileType = folder.assetcatalog; path = Assets.xcassets; sourceTree = "<group>"; };
		CA75DB5E2918A93E0038E172 /* Base */ = {isa = PBXFileReference; lastKnownFileType = file.storyboard; name = Base; path = Base.lproj/LaunchScreen.storyboard; sourceTree = "<group>"; };
		CA75DB602918A93E0038E172 /* Info.plist */ = {isa = PBXFileReference; lastKnownFileType = text.plist.xml; path = Info.plist; sourceTree = "<group>"; };
		CA75DB612918A93E0038E172 /* main.m */ = {isa = PBXFileReference; lastKnownFileType = sourcecode.c.objc; path = main.m; sourceTree = "<group>"; };
		CAC023F92918CD3D00B0A827 /* ViewNoteController.h */ = {isa = PBXFileReference; lastKnownFileType = sourcecode.c.h; path = ViewNoteController.h; sourceTree = "<group>"; };
		CAC023FA2918CD3D00B0A827 /* ViewNoteController.m */ = {isa = PBXFileReference; lastKnownFileType = sourcecode.c.objc; path = ViewNoteController.m; sourceTree = "<group>"; };
		CAC023FB2918CD3D00B0A827 /* ViewNoteController.xib */ = {isa = PBXFileReference; lastKnownFileType = file.xib; path = ViewNoteController.xib; sourceTree = "<group>"; };
		CAC89C9029385C5300ED408E /* PlistLoadVC.h */ = {isa = PBXFileReference; lastKnownFileType = sourcecode.c.h; path = PlistLoadVC.h; sourceTree = "<group>"; };
		CAC89C9129385C5300ED408E /* PlistLoadVC.m */ = {isa = PBXFileReference; lastKnownFileType = sourcecode.c.objc; path = PlistLoadVC.m; sourceTree = "<group>"; };
		CAC89C9229385C5300ED408E /* PlistLoadVC.xib */ = {isa = PBXFileReference; lastKnownFileType = file.xib; path = PlistLoadVC.xib; sourceTree = "<group>"; };
		CAC89C9A29385E8900ED408E /* XcodeVC.h */ = {isa = PBXFileReference; lastKnownFileType = sourcecode.c.h; path = XcodeVC.h; sourceTree = "<group>"; };
		CAC89C9B29385E8900ED408E /* XcodeVC.m */ = {isa = PBXFileReference; lastKnownFileType = sourcecode.c.objc; path = XcodeVC.m; sourceTree = "<group>"; };
		CAC89C9C29385E8900ED408E /* XcodeVC.xib */ = {isa = PBXFileReference; lastKnownFileType = file.xib; path = XcodeVC.xib; sourceTree = "<group>"; };
		CAC89C9F29386FB400ED408E /* PrefixHeader.pch */ = {isa = PBXFileReference; lastKnownFileType = sourcecode.c.h; path = PrefixHeader.pch; sourceTree = "<group>"; };
		CAC89CA0293874B300ED408E /* shops.plist */ = {isa = PBXFileReference; fileEncoding = 4; lastKnownFileType = text.plist.xml; path = shops.plist; sourceTree = "<group>"; };
		CAC89CA32938DAA000ED408E /* CustomViewClass.h */ = {isa = PBXFileReference; lastKnownFileType = sourcecode.c.h; path = CustomViewClass.h; sourceTree = "<group>"; };
		CAC89CA42938DAA000ED408E /* CustomViewClass.m */ = {isa = PBXFileReference; lastKnownFileType = sourcecode.c.objc; path = CustomViewClass.m; sourceTree = "<group>"; };
		CAC89CA62938DAB300ED408E /* CustomViewClass.xib */ = {isa = PBXFileReference; lastKnownFileType = file.xib; path = CustomViewClass.xib; sourceTree = "<group>"; };
		CAC89CAE2938E7E900ED408E /* ScrollVC.h */ = {isa = PBXFileReference; lastKnownFileType = sourcecode.c.h; path = ScrollVC.h; sourceTree = "<group>"; };
		CAC89CAF2938E7E900ED408E /* ScrollVC.m */ = {isa = PBXFileReference; lastKnownFileType = sourcecode.c.objc; path = ScrollVC.m; sourceTree = "<group>"; };
		CAC89CB02938E7E900ED408E /* ScrollVC.xib */ = {isa = PBXFileReference; lastKnownFileType = file.xib; path = ScrollVC.xib; sourceTree = "<group>"; };
		CAD60C3829407EFA006A01D5 /* XMGDeal.h */ = {isa = PBXFileReference; fileEncoding = 4; lastKnownFileType = sourcecode.c.h; path = XMGDeal.h; sourceTree = "<group>"; };
		CAD60C3929407EFA006A01D5 /* XMGDeal.m */ = {isa = PBXFileReference; fileEncoding = 4; lastKnownFileType = sourcecode.c.objc; path = XMGDeal.m; sourceTree = "<group>"; };
		CAD60C3B2940800E006A01D5 /* deals.plist */ = {isa = PBXFileReference; fileEncoding = 4; lastKnownFileType = text.plist.xml; path = deals.plist; sourceTree = "<group>"; };
		CAD60C3E294088CB006A01D5 /* XMGStatus.m */ = {isa = PBXFileReference; fileEncoding = 4; lastKnownFileType = sourcecode.c.objc; path = XMGStatus.m; sourceTree = "<group>"; };
		CAD60C3F294088CB006A01D5 /* XMGStatusCell.xib */ = {isa = PBXFileReference; fileEncoding = 4; lastKnownFileType = file.xib; path = XMGStatusCell.xib; sourceTree = "<group>"; };
		CAD60C40294088CB006A01D5 /* XMGStatus.h */ = {isa = PBXFileReference; fileEncoding = 4; lastKnownFileType = sourcecode.c.h; path = XMGStatus.h; sourceTree = "<group>"; };
		CAD60C41294088CB006A01D5 /* XMGStatusCell.h */ = {isa = PBXFileReference; fileEncoding = 4; lastKnownFileType = sourcecode.c.h; path = XMGStatusCell.h; sourceTree = "<group>"; };
		CAD60C42294088CB006A01D5 /* XMGStatusCell.m */ = {isa = PBXFileReference; fileEncoding = 4; lastKnownFileType = sourcecode.c.objc; path = XMGStatusCell.m; sourceTree = "<group>"; };
		CAD60C46294088DE006A01D5 /* statuses.plist */ = {isa = PBXFileReference; fileEncoding = 4; lastKnownFileType = text.plist.xml; path = statuses.plist; sourceTree = "<group>"; };
		CAD60C54294F6474006A01D5 /* XMGDealCell.m */ = {isa = PBXFileReference; fileEncoding = 4; lastKnownFileType = sourcecode.c.objc; path = XMGDealCell.m; sourceTree = "<group>"; };
		CAD60C55294F6474006A01D5 /* XMGDealCell.h */ = {isa = PBXFileReference; fileEncoding = 4; lastKnownFileType = sourcecode.c.h; path = XMGDealCell.h; sourceTree = "<group>"; };
		CAD60C56294F6474006A01D5 /* XMGDealCell.xib */ = {isa = PBXFileReference; fileEncoding = 4; lastKnownFileType = file.xib; path = XMGDealCell.xib; sourceTree = "<group>"; };
		CAD60C59294F64C7006A01D5 /* XMGDealsViewController.h */ = {isa = PBXFileReference; lastKnownFileType = sourcecode.c.h; path = XMGDealsViewController.h; sourceTree = "<group>"; };
		CAD60C5A294F64C7006A01D5 /* XMGDealsViewController.m */ = {isa = PBXFileReference; lastKnownFileType = sourcecode.c.objc; path = XMGDealsViewController.m; sourceTree = "<group>"; };
		CAD60C5B294F64C7006A01D5 /* XMGDealsViewController.xib */ = {isa = PBXFileReference; lastKnownFileType = file.xib; path = XMGDealsViewController.xib; sourceTree = "<group>"; };
		CAD60C5F296D262E006A01D5 /* PickerViewNoteVC.h */ = {isa = PBXFileReference; lastKnownFileType = sourcecode.c.h; path = PickerViewNoteVC.h; sourceTree = "<group>"; };
		CAD60C60296D262E006A01D5 /* PickerViewNoteVC.m */ = {isa = PBXFileReference; lastKnownFileType = sourcecode.c.objc; path = PickerViewNoteVC.m; sourceTree = "<group>"; };
		CAD60C61296D262E006A01D5 /* PickerViewNoteVC.xib */ = {isa = PBXFileReference; lastKnownFileType = file.xib; path = PickerViewNoteVC.xib; sourceTree = "<group>"; };
		CAD60C64296D27A0006A01D5 /* foods.plist */ = {isa = PBXFileReference; fileEncoding = 4; lastKnownFileType = text.plist.xml; path = foods.plist; sourceTree = "<group>"; };
		CAD60C67296EB119006A01D5 /* CLJDatePickAndCityPickVC.h */ = {isa = PBXFileReference; lastKnownFileType = sourcecode.c.h; path = CLJDatePickAndCityPickVC.h; sourceTree = "<group>"; };
		CAD60C68296EB119006A01D5 /* CLJDatePickAndCityPickVC.m */ = {isa = PBXFileReference; lastKnownFileType = sourcecode.c.objc; path = CLJDatePickAndCityPickVC.m; sourceTree = "<group>"; };
		CAD60C69296EB119006A01D5 /* CLJDatePickAndCityPickVC.xib */ = {isa = PBXFileReference; lastKnownFileType = file.xib; path = CLJDatePickAndCityPickVC.xib; sourceTree = "<group>"; };
		CAD60C6C296EB1E9006A01D5 /* XMGProvince.m */ = {isa = PBXFileReference; fileEncoding = 4; lastKnownFileType = sourcecode.c.objc; path = XMGProvince.m; sourceTree = "<group>"; };
		CAD60C6D296EB1E9006A01D5 /* XMGProvince.h */ = {isa = PBXFileReference; fileEncoding = 4; lastKnownFileType = sourcecode.c.h; path = XMGProvince.h; sourceTree = "<group>"; };
		CAD60C6F296EB1F9006A01D5 /* provinces.plist */ = {isa = PBXFileReference; fileEncoding = 4; lastKnownFileType = text.plist.xml; path = provinces.plist; sourceTree = "<group>"; };
		CAD60C7329715B61006A01D5 /* NTUIApplicationVC.h */ = {isa = PBXFileReference; lastKnownFileType = sourcecode.c.h; path = NTUIApplicationVC.h; sourceTree = "<group>"; };
		CAD60C7429715B61006A01D5 /* NTUIApplicationVC.m */ = {isa = PBXFileReference; lastKnownFileType = sourcecode.c.objc; path = NTUIApplicationVC.m; sourceTree = "<group>"; };
		CAD60C7529715B61006A01D5 /* NTUIApplicationVC.xib */ = {isa = PBXFileReference; lastKnownFileType = file.xib; path = NTUIApplicationVC.xib; sourceTree = "<group>"; };
		CAD60C7829716502006A01D5 /* NTAppDelegate.h */ = {isa = PBXFileReference; lastKnownFileType = sourcecode.c.h; path = NTAppDelegate.h; sourceTree = "<group>"; };
		CAD60C7929716502006A01D5 /* NTAppDelegate.m */ = {isa = PBXFileReference; lastKnownFileType = sourcecode.c.objc; path = NTAppDelegate.m; sourceTree = "<group>"; };
		CAD60C7E2973E4AF006A01D5 /* NTNavVC.h */ = {isa = PBXFileReference; lastKnownFileType = sourcecode.c.h; path = NTNavVC.h; sourceTree = "<group>"; };
		CAD60C7F2973E4AF006A01D5 /* NTNavVC.m */ = {isa = PBXFileReference; lastKnownFileType = sourcecode.c.objc; path = NTNavVC.m; sourceTree = "<group>"; };
		CAD60C802973E4AF006A01D5 /* NTNavVC.xib */ = {isa = PBXFileReference; lastKnownFileType = file.xib; path = NTNavVC.xib; sourceTree = "<group>"; };
		CAD60C842973F3EE006A01D5 /* NTTips.h */ = {isa = PBXFileReference; lastKnownFileType = sourcecode.c.h; path = NTTips.h; sourceTree = "<group>"; };
		CAD60C852973F3EE006A01D5 /* NTTips.m */ = {isa = PBXFileReference; lastKnownFileType = sourcecode.c.objc; path = NTTips.m; sourceTree = "<group>"; };
		CAD60C862973F3EE006A01D5 /* NTTips.xib */ = {isa = PBXFileReference; lastKnownFileType = file.xib; path = NTTips.xib; sourceTree = "<group>"; };
		CAD60C8B29755AF6006A01D5 /* NTValueTransmitVC.h */ = {isa = PBXFileReference; lastKnownFileType = sourcecode.c.h; path = NTValueTransmitVC.h; sourceTree = "<group>"; };
		CAD60C8C29755AF6006A01D5 /* NTValueTransmitVC.m */ = {isa = PBXFileReference; lastKnownFileType = sourcecode.c.objc; path = NTValueTransmitVC.m; sourceTree = "<group>"; };
		CAD60C8D29755AF6006A01D5 /* NTValueTransmitVC.xib */ = {isa = PBXFileReference; lastKnownFileType = file.xib; path = NTValueTransmitVC.xib; sourceTree = "<group>"; };
		CAD60C91297802AE006A01D5 /* NTUICollectionViewVC.h */ = {isa = PBXFileReference; lastKnownFileType = sourcecode.c.h; path = NTUICollectionViewVC.h; sourceTree = "<group>"; };
		CAD60C92297802AE006A01D5 /* NTUICollectionViewVC.m */ = {isa = PBXFileReference; lastKnownFileType = sourcecode.c.objc; path = NTUICollectionViewVC.m; sourceTree = "<group>"; };
		CAD60C93297802AE006A01D5 /* NTUICollectionViewVC.xib */ = {isa = PBXFileReference; lastKnownFileType = file.xib; path = NTUICollectionViewVC.xib; sourceTree = "<group>"; };
		CAD60C96297FD354006A01D5 /* NTCollectionViewCell.h */ = {isa = PBXFileReference; lastKnownFileType = sourcecode.c.h; path = NTCollectionViewCell.h; sourceTree = "<group>"; };
		CAD60C97297FD354006A01D5 /* NTCollectionViewCell.m */ = {isa = PBXFileReference; lastKnownFileType = sourcecode.c.objc; path = NTCollectionViewCell.m; sourceTree = "<group>"; };
		CAD60C98297FD354006A01D5 /* NTCollectionViewCell.xib */ = {isa = PBXFileReference; lastKnownFileType = file.xib; path = NTCollectionViewCell.xib; sourceTree = "<group>"; };
		CAD60C9D298244D7006A01D5 /* RedView.h */ = {isa = PBXFileReference; fileEncoding = 4; lastKnownFileType = sourcecode.c.h; path = RedView.h; sourceTree = "<group>"; };
		CAD60C9E298244D7006A01D5 /* RedView.m */ = {isa = PBXFileReference; fileEncoding = 4; lastKnownFileType = sourcecode.c.objc; path = RedView.m; sourceTree = "<group>"; };
		CAD60CA12982534C006A01D5 /* NTGestureVC.h */ = {isa = PBXFileReference; lastKnownFileType = sourcecode.c.h; path = NTGestureVC.h; sourceTree = "<group>"; };
		CAD60CA22982534C006A01D5 /* NTGestureVC.m */ = {isa = PBXFileReference; lastKnownFileType = sourcecode.c.objc; path = NTGestureVC.m; sourceTree = "<group>"; };
		CAD60CA32982534C006A01D5 /* NTGestureVC.xib */ = {isa = PBXFileReference; lastKnownFileType = file.xib; path = NTGestureVC.xib; sourceTree = "<group>"; };
		CAD60CA8298274C5006A01D5 /* NTImageDrawVC.h */ = {isa = PBXFileReference; lastKnownFileType = sourcecode.c.h; path = NTImageDrawVC.h; sourceTree = "<group>"; };
		CAD60CA9298274C5006A01D5 /* NTImageDrawVC.m */ = {isa = PBXFileReference; lastKnownFileType = sourcecode.c.objc; path = NTImageDrawVC.m; sourceTree = "<group>"; };
		CAD60CAA298274C5006A01D5 /* NTImageDrawVC.xib */ = {isa = PBXFileReference; lastKnownFileType = file.xib; path = NTImageDrawVC.xib; sourceTree = "<group>"; };
		CAD60CAD29827845006A01D5 /* UIImage+Image.h */ = {isa = PBXFileReference; fileEncoding = 4; lastKnownFileType = sourcecode.c.h; path = "UIImage+Image.h"; sourceTree = "<group>"; };
		CAD60CAE29827845006A01D5 /* UIImage+Image.m */ = {isa = PBXFileReference; fileEncoding = 4; lastKnownFileType = sourcecode.c.objc; path = "UIImage+Image.m"; sourceTree = "<group>"; };
		CAD60CB12984F571006A01D5 /* NTClipImageVC.h */ = {isa = PBXFileReference; lastKnownFileType = sourcecode.c.h; path = NTClipImageVC.h; sourceTree = "<group>"; };
		CAD60CB22984F571006A01D5 /* NTClipImageVC.m */ = {isa = PBXFileReference; lastKnownFileType = sourcecode.c.objc; path = NTClipImageVC.m; sourceTree = "<group>"; };
		CAD60CB32984F571006A01D5 /* NTClipImageVC.xib */ = {isa = PBXFileReference; lastKnownFileType = file.xib; path = NTClipImageVC.xib; sourceTree = "<group>"; };
		CAD60CB8298680E3006A01D5 /* XMGPerson.m */ = {isa = PBXFileReference; fileEncoding = 4; lastKnownFileType = sourcecode.c.objc; path = XMGPerson.m; sourceTree = "<group>"; };
		CAD60CB9298680E3006A01D5 /* XMGPerson.h */ = {isa = PBXFileReference; fileEncoding = 4; lastKnownFileType = sourcecode.c.h; path = XMGPerson.h; sourceTree = "<group>"; };
		CAD60CBB2986835C006A01D5 /* XMGSingleton.h */ = {isa = PBXFileReference; fileEncoding = 4; lastKnownFileType = sourcecode.c.h; path = XMGSingleton.h; sourceTree = "<group>"; };
		CADB038C293C9B7F00DBEDB6 /* XMGPageView.h */ = {isa = PBXFileReference; fileEncoding = 4; lastKnownFileType = sourcecode.c.h; path = XMGPageView.h; sourceTree = "<group>"; };
		CADB038D293C9B7F00DBEDB6 /* XMGPageView.m */ = {isa = PBXFileReference; fileEncoding = 4; lastKnownFileType = sourcecode.c.objc; path = XMGPageView.m; sourceTree = "<group>"; };
		CADB038E293C9B7F00DBEDB6 /* XMGPageView.xib */ = {isa = PBXFileReference; fileEncoding = 4; lastKnownFileType = file.xib; path = XMGPageView.xib; sourceTree = "<group>"; };
		CADB0392293DF20400DBEDB6 /* TableViewNoteVC.h */ = {isa = PBXFileReference; lastKnownFileType = sourcecode.c.h; path = TableViewNoteVC.h; sourceTree = "<group>"; };
		CADB0393293DF20400DBEDB6 /* TableViewNoteVC.m */ = {isa = PBXFileReference; lastKnownFileType = sourcecode.c.objc; path = TableViewNoteVC.m; sourceTree = "<group>"; };
		CADB0394293DF20400DBEDB6 /* TableViewNoteVC.xib */ = {isa = PBXFileReference; lastKnownFileType = file.xib; path = TableViewNoteVC.xib; sourceTree = "<group>"; };
		CAF491C129953A370052B16B /* NTWebViewOCAndJSVC.h */ = {isa = PBXFileReference; lastKnownFileType = sourcecode.c.h; path = NTWebViewOCAndJSVC.h; sourceTree = "<group>"; };
		CAF491C229953A370052B16B /* NTWebViewOCAndJSVC.m */ = {isa = PBXFileReference; lastKnownFileType = sourcecode.c.objc; path = NTWebViewOCAndJSVC.m; sourceTree = "<group>"; };
		CAF491C329953A370052B16B /* NTWebViewOCAndJSVC.xib */ = {isa = PBXFileReference; lastKnownFileType = file.xib; path = NTWebViewOCAndJSVC.xib; sourceTree = "<group>"; };
		CAF491C629953D470052B16B /* index.html */ = {isa = PBXFileReference; fileEncoding = 4; lastKnownFileType = text.html; path = index.html; sourceTree = "<group>"; };
/* End PBXFileReference section */

/* Begin PBXFrameworksBuildPhase section */
		CA75DB492918A93C0038E172 /* Frameworks */ = {
			isa = PBXFrameworksBuildPhase;
			buildActionMask = 2147483647;
			files = (
				D88D6F43BE0D49FA51C97D0B /* Pods_iOSNote_OC.framework in Frameworks */,
			);
			runOnlyForDeploymentPostprocessing = 0;
		};
/* End PBXFrameworksBuildPhase section */

/* Begin PBXGroup section */
		495C20C0CB1B0BAB1EC65E9B /* Frameworks */ = {
			isa = PBXGroup;
			children = (
				782CD2B76A1DF9F32227510A /* Pods_iOSNote_OC.framework */,
			);
			name = Frameworks;
			sourceTree = "<group>";
		};
		515B28E5745FF534E93FDD56 /* Pods */ = {
			isa = PBXGroup;
			children = (
				AEC64D221D2C1FB194FFEA45 /* Pods-iOSNote-OC.debug.xcconfig */,
				5A80020D78EAC93EB7782A82 /* Pods-iOSNote-OC.release.xcconfig */,
			);
			path = Pods;
			sourceTree = "<group>";
		};
		CA08AE452918DC2600907C6E /* 分类 */ = {
			isa = PBXGroup;
			children = (
				CAD60CAD29827845006A01D5 /* UIImage+Image.h */,
				CAD60CAE29827845006A01D5 /* UIImage+Image.m */,
				CA08AE462918DC7B00907C6E /* UIView+Tools.h */,
				CA08AE472918DC7B00907C6E /* UIView+Tools.m */,
			);
			path = "分类";
			sourceTree = "<group>";
		};
		CA09E2102990EC3300E4942B /* 一次性下载大文件 */ = {
			isa = PBXGroup;
			children = (
				CA09E22129924A2100E4942B /* OutputStream */,
				CA09E220299249ED00E4942B /* FileHandle */,
			);
			path = "一次性下载大文件";
			sourceTree = "<group>";
		};
		CA09E2182992267700E4942B /* 文件解压 */ = {
			isa = PBXGroup;
			children = (
				CA09E2192992269600E4942B /* NTZipArchiveVC.h */,
				CA09E21A2992269600E4942B /* NTZipArchiveVC.m */,
				CA09E21B2992269600E4942B /* NTZipArchiveVC.xib */,
			);
			path = "文件解压";
			sourceTree = "<group>";
		};
		CA09E21E29923F3700E4942B /* 文件操作 */ = {
			isa = PBXGroup;
			children = (
				CA09E21F29923F5A00E4942B /* 文件上传 */,
				CA09E2182992267700E4942B /* 文件解压 */,
				CAD60CBD2988F751006A01D5 /* 文件下载 */,
			);
			path = "文件操作";
			sourceTree = "<group>";
		};
		CA09E21F29923F5A00E4942B /* 文件上传 */ = {
			isa = PBXGroup;
			children = (
			);
			path = "文件上传";
			sourceTree = "<group>";
		};
		CA09E220299249ED00E4942B /* FileHandle */ = {
			isa = PBXGroup;
			children = (
				CA09E2112990EC6A00E4942B /* NTOneDownFileVC.h */,
				CA09E2122990EC6A00E4942B /* NTOneDownFileVC.m */,
				CA09E2132990EC6A00E4942B /* NTOneDownFileVC.xib */,
			);
			path = FileHandle;
			sourceTree = "<group>";
		};
		CA09E22129924A2100E4942B /* OutputStream */ = {
			isa = PBXGroup;
			children = (
				CA09E22229924A4500E4942B /* NTOutputStreamVC.h */,
				CA09E22329924A4500E4942B /* NTOutputStreamVC.m */,
				CA09E22429924A4500E4942B /* NTOutputStreamVC.xib */,
			);
			path = OutputStream;
			sourceTree = "<group>";
		};
		CA09E22729944C9300E4942B /* AFN */ = {
			isa = PBXGroup;
			children = (
				CA09E22E29944E8100E4942B /* 网络状态监测 */,
				CA09E22829944CA200E4942B /* 简单文件上传 */,
			);
			path = AFN;
			sourceTree = "<group>";
		};
		CA09E22829944CA200E4942B /* 简单文件上传 */ = {
			isa = PBXGroup;
			children = (
				CA09E22929944CCB00E4942B /* NTAFNUploadVC.h */,
				CA09E22A29944CCB00E4942B /* NTAFNUploadVC.m */,
				CA09E22B29944CCB00E4942B /* NTAFNUploadVC.xib */,
			);
			path = "简单文件上传";
			sourceTree = "<group>";
		};
		CA09E22E29944E8100E4942B /* 网络状态监测 */ = {
			isa = PBXGroup;
			children = (
				CA09E22F29944F2500E4942B /* NTReachabilityVC.h */,
				CA09E23029944F2500E4942B /* NTReachabilityVC.m */,
				CA09E23129944F2500E4942B /* NTReachabilityVC.xib */,
			);
			path = "网络状态监测";
			sourceTree = "<group>";
		};
		CA09E23429947F5B00E4942B /* HTML */ = {
			isa = PBXGroup;
			children = (
				CA09E23529947F6300E4942B /* UIWebview */,
			);
			path = HTML;
			sourceTree = "<group>";
		};
		CA09E23529947F6300E4942B /* UIWebview */ = {
			isa = PBXGroup;
			children = (
				CAF491C029953A0C0052B16B /* OC和JS互调 */,
				CAF491BF299539FC0052B16B /* 基础知识 */,
			);
			path = UIWebview;
			sourceTree = "<group>";
		};
		CA4F710A29407CB8007957D4 /* 自定义等高cell */ = {
			isa = PBXGroup;
			children = (
				CAD60C3B2940800E006A01D5 /* deals.plist */,
				CAD60C3829407EFA006A01D5 /* XMGDeal.h */,
				CAD60C3929407EFA006A01D5 /* XMGDeal.m */,
				CA4F710B29407D4D007957D4 /* CustomEqualCell.h */,
				CA4F710C29407D4D007957D4 /* CustomEqualCell.m */,
				CA4F710D29407D4D007957D4 /* CustomEqualCell.xib */,
			);
			path = "自定义等高cell";
			sourceTree = "<group>";
		};
		CA75DB432918A93C0038E172 = {
			isa = PBXGroup;
			children = (
				CA75DB4E2918A93C0038E172 /* iOSNote-OC */,
				CA75DB4D2918A93C0038E172 /* Products */,
				515B28E5745FF534E93FDD56 /* Pods */,
				495C20C0CB1B0BAB1EC65E9B /* Frameworks */,
			);
			sourceTree = "<group>";
		};
		CA75DB4D2918A93C0038E172 /* Products */ = {
			isa = PBXGroup;
			children = (
				CA75DB4C2918A93C0038E172 /* iOSNote-OC.app */,
			);
			name = Products;
			sourceTree = "<group>";
		};
		CA75DB4E2918A93C0038E172 /* iOSNote-OC */ = {
			isa = PBXGroup;
			children = (
				CAD60CBC2988F72B006A01D5 /* 网络 */,
				CAD60CB6298680B9006A01D5 /* 设计模式 */,
				CAD60C8929755AAA006A01D5 /* 核心 */,
				CAD60C7129715AF9006A01D5 /* 其他 */,
				CAC89C9929385E5700ED408E /* 工程相关 */,
				CAC89C8E29385B5200ED408E /* 数据存储 */,
				CAC023F72918CC6E00B0A827 /* UI */,
				CA75DB4F2918A93C0038E172 /* AppDelegate.h */,
				CA75DB502918A93C0038E172 /* AppDelegate.m */,
				CA75DB522918A93C0038E172 /* SceneDelegate.h */,
				CA75DB532918A93C0038E172 /* SceneDelegate.m */,
				CA75DB552918A93C0038E172 /* ViewController.h */,
				CA75DB562918A93C0038E172 /* ViewController.m */,
				CAC89C9F29386FB400ED408E /* PrefixHeader.pch */,
				CA75DB582918A93C0038E172 /* Main.storyboard */,
				CA75DB5B2918A93E0038E172 /* Assets.xcassets */,
				CA75DB5D2918A93E0038E172 /* LaunchScreen.storyboard */,
				CA75DB602918A93E0038E172 /* Info.plist */,
				CA75DB612918A93E0038E172 /* main.m */,
			);
			path = "iOSNote-OC";
			sourceTree = "<group>";
		};
		CAC023F72918CC6E00B0A827 /* UI */ = {
			isa = PBXGroup;
			children = (
				CAD60CA62982747B006A01D5 /* 上下文绘制 */,
				CAD60C9B29824499006A01D5 /* 事件处理 */,
				CAC89CA22938DA5E00ED408E /* 自定义控件 */,
				CAC89C9529385C8C00ED408E /* Tools */,
				CA08AE452918DC2600907C6E /* 分类 */,
				CAC023F82918CC8800B0A827 /* 原生控件 */,
			);
			path = UI;
			sourceTree = "<group>";
		};
		CAC023F82918CC8800B0A827 /* 原生控件 */ = {
			isa = PBXGroup;
			children = (
				CAD60C902978028A006A01D5 /* CollectionView */,
				CAD60C7C2973E29E006A01D5 /* 控制器 */,
				CAD60C5E296D2602006A01D5 /* PickerView */,
				CADB0391293DF1D600DBEDB6 /* Tableview */,
				CAC89CA82938E6CD00ED408E /* ScrollView */,
				CAC023F92918CD3D00B0A827 /* ViewNoteController.h */,
				CAC023FA2918CD3D00B0A827 /* ViewNoteController.m */,
				CAC023FB2918CD3D00B0A827 /* ViewNoteController.xib */,
			);
			path = "原生控件";
			sourceTree = "<group>";
		};
		CAC89C8E29385B5200ED408E /* 数据存储 */ = {
			isa = PBXGroup;
			children = (
				CAC89C8F29385B6900ED408E /* plist */,
			);
			path = "数据存储";
			sourceTree = "<group>";
		};
		CAC89C8F29385B6900ED408E /* plist */ = {
			isa = PBXGroup;
			children = (
				CAC89CA0293874B300ED408E /* shops.plist */,
				CAC89C9029385C5300ED408E /* PlistLoadVC.h */,
				CAC89C9129385C5300ED408E /* PlistLoadVC.m */,
				CAC89C9229385C5300ED408E /* PlistLoadVC.xib */,
			);
			path = plist;
			sourceTree = "<group>";
		};
		CAC89C9529385C8C00ED408E /* Tools */ = {
			isa = PBXGroup;
			children = (
			);
			path = Tools;
			sourceTree = "<group>";
		};
		CAC89C9929385E5700ED408E /* 工程相关 */ = {
			isa = PBXGroup;
			children = (
				CAC89C9A29385E8900ED408E /* XcodeVC.h */,
				CAC89C9B29385E8900ED408E /* XcodeVC.m */,
				CAC89C9C29385E8900ED408E /* XcodeVC.xib */,
			);
			path = "工程相关";
			sourceTree = "<group>";
		};
		CAC89CA22938DA5E00ED408E /* 自定义控件 */ = {
			isa = PBXGroup;
			children = (
				CAC89CA32938DAA000ED408E /* CustomViewClass.h */,
				CAC89CA42938DAA000ED408E /* CustomViewClass.m */,
				CAC89CA62938DAB300ED408E /* CustomViewClass.xib */,
			);
			path = "自定义控件";
			sourceTree = "<group>";
		};
		CAC89CA82938E6CD00ED408E /* ScrollView */ = {
			isa = PBXGroup;
			children = (
				CADB038B293C9B6900DBEDB6 /* 定时轮播图 */,
				CAC89CAE2938E7E900ED408E /* ScrollVC.h */,
				CAC89CAF2938E7E900ED408E /* ScrollVC.m */,
				CAC89CB02938E7E900ED408E /* ScrollVC.xib */,
			);
			path = ScrollView;
			sourceTree = "<group>";
		};
		CAD60C3D2940889B006A01D5 /* 自定义非等高cell */ = {
			isa = PBXGroup;
			children = (
				CAD60C46294088DE006A01D5 /* statuses.plist */,
				CAD60C40294088CB006A01D5 /* XMGStatus.h */,
				CAD60C3E294088CB006A01D5 /* XMGStatus.m */,
				CAD60C41294088CB006A01D5 /* XMGStatusCell.h */,
				CAD60C42294088CB006A01D5 /* XMGStatusCell.m */,
				CAD60C3F294088CB006A01D5 /* XMGStatusCell.xib */,
			);
			path = "自定义非等高cell";
			sourceTree = "<group>";
		};
		CAD60C4829409D09006A01D5 /* tableview数据更新 */ = {
			isa = PBXGroup;
			children = (
				CAD60C55294F6474006A01D5 /* XMGDealCell.h */,
				CAD60C54294F6474006A01D5 /* XMGDealCell.m */,
				CAD60C56294F6474006A01D5 /* XMGDealCell.xib */,
				CAD60C59294F64C7006A01D5 /* XMGDealsViewController.h */,
				CAD60C5A294F64C7006A01D5 /* XMGDealsViewController.m */,
				CAD60C5B294F64C7006A01D5 /* XMGDealsViewController.xib */,
			);
			path = "tableview数据更新";
			sourceTree = "<group>";
		};
		CAD60C5E296D2602006A01D5 /* PickerView */ = {
			isa = PBXGroup;
			children = (
				CAD60C66296D8EDB006A01D5 /* 日期选择和城市选择 */,
				CAD60C64296D27A0006A01D5 /* foods.plist */,
				CAD60C5F296D262E006A01D5 /* PickerViewNoteVC.h */,
				CAD60C60296D262E006A01D5 /* PickerViewNoteVC.m */,
				CAD60C61296D262E006A01D5 /* PickerViewNoteVC.xib */,
			);
			path = PickerView;
			sourceTree = "<group>";
		};
		CAD60C66296D8EDB006A01D5 /* 日期选择和城市选择 */ = {
			isa = PBXGroup;
			children = (
				CAD60C6F296EB1F9006A01D5 /* provinces.plist */,
				CAD60C6D296EB1E9006A01D5 /* XMGProvince.h */,
				CAD60C6C296EB1E9006A01D5 /* XMGProvince.m */,
				CAD60C67296EB119006A01D5 /* CLJDatePickAndCityPickVC.h */,
				CAD60C68296EB119006A01D5 /* CLJDatePickAndCityPickVC.m */,
				CAD60C69296EB119006A01D5 /* CLJDatePickAndCityPickVC.xib */,
			);
			path = "日期选择和城市选择";
			sourceTree = "<group>";
		};
		CAD60C7129715AF9006A01D5 /* 其他 */ = {
			isa = PBXGroup;
			children = (
				CAD60C832973F3D4006A01D5 /* 小的知识点 */,
				CAD60C7229715B0B006A01D5 /* UIApplication */,
			);
			path = "其他";
			sourceTree = "<group>";
		};
		CAD60C7229715B0B006A01D5 /* UIApplication */ = {
			isa = PBXGroup;
			children = (
				CAD60C7329715B61006A01D5 /* NTUIApplicationVC.h */,
				CAD60C7429715B61006A01D5 /* NTUIApplicationVC.m */,
				CAD60C7529715B61006A01D5 /* NTUIApplicationVC.xib */,
				CAD60C7829716502006A01D5 /* NTAppDelegate.h */,
				CAD60C7929716502006A01D5 /* NTAppDelegate.m */,
			);
			path = UIApplication;
			sourceTree = "<group>";
		};
		CAD60C7C2973E29E006A01D5 /* 控制器 */ = {
			isa = PBXGroup;
			children = (
				CAD60C7D2973E2AB006A01D5 /* 导航控制器 */,
			);
			path = "控制器";
			sourceTree = "<group>";
		};
		CAD60C7D2973E2AB006A01D5 /* 导航控制器 */ = {
			isa = PBXGroup;
			children = (
				CAD60C7E2973E4AF006A01D5 /* NTNavVC.h */,
				CAD60C7F2973E4AF006A01D5 /* NTNavVC.m */,
				CAD60C802973E4AF006A01D5 /* NTNavVC.xib */,
			);
			path = "导航控制器";
			sourceTree = "<group>";
		};
		CAD60C832973F3D4006A01D5 /* 小的知识点 */ = {
			isa = PBXGroup;
			children = (
				CAD60C842973F3EE006A01D5 /* NTTips.h */,
				CAD60C852973F3EE006A01D5 /* NTTips.m */,
				CAD60C862973F3EE006A01D5 /* NTTips.xib */,
			);
			path = "小的知识点";
			sourceTree = "<group>";
		};
		CAD60C8929755AAA006A01D5 /* 核心 */ = {
			isa = PBXGroup;
			children = (
				CAD60C8A29755AB6006A01D5 /* 数值传递 */,
			);
			path = "核心";
			sourceTree = "<group>";
		};
		CAD60C8A29755AB6006A01D5 /* 数值传递 */ = {
			isa = PBXGroup;
			children = (
				CAD60C8B29755AF6006A01D5 /* NTValueTransmitVC.h */,
				CAD60C8C29755AF6006A01D5 /* NTValueTransmitVC.m */,
				CAD60C8D29755AF6006A01D5 /* NTValueTransmitVC.xib */,
			);
			path = "数值传递";
			sourceTree = "<group>";
		};
		CAD60C902978028A006A01D5 /* CollectionView */ = {
			isa = PBXGroup;
			children = (
				CAD60C91297802AE006A01D5 /* NTUICollectionViewVC.h */,
				CAD60C92297802AE006A01D5 /* NTUICollectionViewVC.m */,
				CAD60C93297802AE006A01D5 /* NTUICollectionViewVC.xib */,
				CAD60C96297FD354006A01D5 /* NTCollectionViewCell.h */,
				CAD60C97297FD354006A01D5 /* NTCollectionViewCell.m */,
				CAD60C98297FD354006A01D5 /* NTCollectionViewCell.xib */,
			);
			path = CollectionView;
			sourceTree = "<group>";
		};
		CAD60C9B29824499006A01D5 /* 事件处理 */ = {
			isa = PBXGroup;
			children = (
				CAD60CA02982530C006A01D5 /* 手势识别 */,
				CAD60C9C298244A6006A01D5 /* 触摸事件 */,
			);
			path = "事件处理";
			sourceTree = "<group>";
		};
		CAD60C9C298244A6006A01D5 /* 触摸事件 */ = {
			isa = PBXGroup;
			children = (
				CAD60C9D298244D7006A01D5 /* RedView.h */,
				CAD60C9E298244D7006A01D5 /* RedView.m */,
			);
			path = "触摸事件";
			sourceTree = "<group>";
		};
		CAD60CA02982530C006A01D5 /* 手势识别 */ = {
			isa = PBXGroup;
			children = (
				CAD60CA12982534C006A01D5 /* NTGestureVC.h */,
				CAD60CA22982534C006A01D5 /* NTGestureVC.m */,
				CAD60CA32982534C006A01D5 /* NTGestureVC.xib */,
			);
			path = "手势识别";
			sourceTree = "<group>";
		};
		CAD60CA62982747B006A01D5 /* 上下文绘制 */ = {
			isa = PBXGroup;
			children = (
				CAD60CA72982748A006A01D5 /* 图片相关 */,
			);
			path = "上下文绘制";
			sourceTree = "<group>";
		};
		CAD60CA72982748A006A01D5 /* 图片相关 */ = {
			isa = PBXGroup;
			children = (
				CAD60CB02984F536006A01D5 /* 图片截取 */,
				CAD60CA8298274C5006A01D5 /* NTImageDrawVC.h */,
				CAD60CA9298274C5006A01D5 /* NTImageDrawVC.m */,
				CAD60CAA298274C5006A01D5 /* NTImageDrawVC.xib */,
			);
			path = "图片相关";
			sourceTree = "<group>";
		};
		CAD60CB02984F536006A01D5 /* 图片截取 */ = {
			isa = PBXGroup;
			children = (
				CAD60CB12984F571006A01D5 /* NTClipImageVC.h */,
				CAD60CB22984F571006A01D5 /* NTClipImageVC.m */,
				CAD60CB32984F571006A01D5 /* NTClipImageVC.xib */,
			);
			path = "图片截取";
			sourceTree = "<group>";
		};
		CAD60CB6298680B9006A01D5 /* 设计模式 */ = {
			isa = PBXGroup;
			children = (
				CAD60CB7298680C1006A01D5 /* 单例 */,
			);
			path = "设计模式";
			sourceTree = "<group>";
		};
		CAD60CB7298680C1006A01D5 /* 单例 */ = {
			isa = PBXGroup;
			children = (
				CAD60CBB2986835C006A01D5 /* XMGSingleton.h */,
				CAD60CB9298680E3006A01D5 /* XMGPerson.h */,
				CAD60CB8298680E3006A01D5 /* XMGPerson.m */,
			);
			path = "单例";
			sourceTree = "<group>";
		};
		CAD60CBC2988F72B006A01D5 /* 网络 */ = {
			isa = PBXGroup;
			children = (
				CA09E23429947F5B00E4942B /* HTML */,
				CA09E22729944C9300E4942B /* AFN */,
				CA09E21E29923F3700E4942B /* 文件操作 */,
			);
			path = "网络";
			sourceTree = "<group>";
		};
		CAD60CBD2988F751006A01D5 /* 文件下载 */ = {
			isa = PBXGroup;
			children = (
				CA09E2102990EC3300E4942B /* 一次性下载大文件 */,
			);
			path = "文件下载";
			sourceTree = "<group>";
		};
		CADB038B293C9B6900DBEDB6 /* 定时轮播图 */ = {
			isa = PBXGroup;
			children = (
				CADB038C293C9B7F00DBEDB6 /* XMGPageView.h */,
				CADB038D293C9B7F00DBEDB6 /* XMGPageView.m */,
				CADB038E293C9B7F00DBEDB6 /* XMGPageView.xib */,
			);
			path = "定时轮播图";
			sourceTree = "<group>";
		};
		CADB0391293DF1D600DBEDB6 /* Tableview */ = {
			isa = PBXGroup;
			children = (
				CAD60C4829409D09006A01D5 /* tableview数据更新 */,
				CAD60C3D2940889B006A01D5 /* 自定义非等高cell */,
				CA4F710A29407CB8007957D4 /* 自定义等高cell */,
				CADB0392293DF20400DBEDB6 /* TableViewNoteVC.h */,
				CADB0393293DF20400DBEDB6 /* TableViewNoteVC.m */,
				CADB0394293DF20400DBEDB6 /* TableViewNoteVC.xib */,
			);
			path = Tableview;
			sourceTree = "<group>";
		};
		CAF491BF299539FC0052B16B /* 基础知识 */ = {
			isa = PBXGroup;
			children = (
				CA09E23B2994803F00E4942B /* test.html */,
				CA09E23629947F9100E4942B /* NTHTMLABCVC.h */,
				CA09E23729947F9100E4942B /* NTHTMLABCVC.m */,
				CA09E23829947F9100E4942B /* NTHTMLABCVC.xib */,
			);
			path = "基础知识";
			sourceTree = "<group>";
		};
		CAF491C029953A0C0052B16B /* OC和JS互调 */ = {
			isa = PBXGroup;
			children = (
				CAF491C629953D470052B16B /* index.html */,
				CAF491C129953A370052B16B /* NTWebViewOCAndJSVC.h */,
				CAF491C229953A370052B16B /* NTWebViewOCAndJSVC.m */,
				CAF491C329953A370052B16B /* NTWebViewOCAndJSVC.xib */,
			);
			path = "OC和JS互调";
			sourceTree = "<group>";
		};
/* End PBXGroup section */

/* Begin PBXNativeTarget section */
		CA75DB4B2918A93C0038E172 /* iOSNote-OC */ = {
			isa = PBXNativeTarget;
			buildConfigurationList = CA75DB652918A93E0038E172 /* Build configuration list for PBXNativeTarget "iOSNote-OC" */;
			buildPhases = (
				6DAB71A2BCE3DB9BFE041057 /* [CP] Check Pods Manifest.lock */,
				CA75DB482918A93C0038E172 /* Sources */,
				CA75DB492918A93C0038E172 /* Frameworks */,
				CA75DB4A2918A93C0038E172 /* Resources */,
				8BE3B0C0CFCF09BBA541C96E /* [CP] Embed Pods Frameworks */,
			);
			buildRules = (
			);
			dependencies = (
			);
			name = "iOSNote-OC";
			productName = "iOSNote-OC";
			productReference = CA75DB4C2918A93C0038E172 /* iOSNote-OC.app */;
			productType = "com.apple.product-type.application";
		};
/* End PBXNativeTarget section */

/* Begin PBXProject section */
		CA75DB442918A93C0038E172 /* Project object */ = {
			isa = PBXProject;
			attributes = {
				BuildIndependentTargetsInParallel = 1;
				CLASSPREFIX = NT;
				LastUpgradeCheck = 1400;
				TargetAttributes = {
					CA75DB4B2918A93C0038E172 = {
						CreatedOnToolsVersion = 14.0.1;
					};
				};
			};
			buildConfigurationList = CA75DB472918A93C0038E172 /* Build configuration list for PBXProject "iOSNote-OC" */;
			compatibilityVersion = "Xcode 14.0";
			developmentRegion = en;
			hasScannedForEncodings = 0;
			knownRegions = (
				en,
				Base,
			);
			mainGroup = CA75DB432918A93C0038E172;
			productRefGroup = CA75DB4D2918A93C0038E172 /* Products */;
			projectDirPath = "";
			projectRoot = "";
			targets = (
				CA75DB4B2918A93C0038E172 /* iOSNote-OC */,
			);
		};
/* End PBXProject section */

/* Begin PBXResourcesBuildPhase section */
		CA75DB4A2918A93C0038E172 /* Resources */ = {
			isa = PBXResourcesBuildPhase;
			buildActionMask = 2147483647;
			files = (
				CAD60C65296D27A0006A01D5 /* foods.plist in Resources */,
				CAD60C44294088CB006A01D5 /* XMGStatusCell.xib in Resources */,
				CAC89CA1293874B300ED408E /* shops.plist in Resources */,
				CAF491C729953D470052B16B /* index.html in Resources */,
				CAD60C7729715B61006A01D5 /* NTUIApplicationVC.xib in Resources */,
				CAD60C58294F6474006A01D5 /* XMGDealCell.xib in Resources */,
				CAD60C8F29755AF6006A01D5 /* NTValueTransmitVC.xib in Resources */,
				CA09E23C2994803F00E4942B /* test.html in Resources */,
				CA09E23A29947F9100E4942B /* NTHTMLABCVC.xib in Resources */,
				CAD60CA52982534C006A01D5 /* NTGestureVC.xib in Resources */,
				CAF491C529953A370052B16B /* NTWebViewOCAndJSVC.xib in Resources */,
				CA09E22D29944CCB00E4942B /* NTAFNUploadVC.xib in Resources */,
				CAD60C47294088DE006A01D5 /* statuses.plist in Resources */,
				CAD60CAC298274C5006A01D5 /* NTImageDrawVC.xib in Resources */,
				CAC89CB22938E7E900ED408E /* ScrollVC.xib in Resources */,
				CAC023FD2918CD3D00B0A827 /* ViewNoteController.xib in Resources */,
				CA75DB5F2918A93E0038E172 /* LaunchScreen.storyboard in Resources */,
				CAD60C70296EB1F9006A01D5 /* provinces.plist in Resources */,
				CA09E22629924A4500E4942B /* NTOutputStreamVC.xib in Resources */,
				CAC89C9E29385E8900ED408E /* XcodeVC.xib in Resources */,
				CAD60CB52984F571006A01D5 /* NTClipImageVC.xib in Resources */,
				CAC89C9429385C5300ED408E /* PlistLoadVC.xib in Resources */,
				CADB0396293DF20400DBEDB6 /* TableViewNoteVC.xib in Resources */,
				CADB0390293C9B7F00DBEDB6 /* XMGPageView.xib in Resources */,
				CAD60C3C2940800E006A01D5 /* deals.plist in Resources */,
				CA09E21D2992269600E4942B /* NTZipArchiveVC.xib in Resources */,
				CA09E2152990EC6A00E4942B /* NTOneDownFileVC.xib in Resources */,
				CAD60C822973E4AF006A01D5 /* NTNavVC.xib in Resources */,
				CAD60C95297802AE006A01D5 /* NTUICollectionViewVC.xib in Resources */,
				CAD60C5D294F64C7006A01D5 /* XMGDealsViewController.xib in Resources */,
				CAC89CA72938DAB300ED408E /* CustomViewClass.xib in Resources */,
				CA75DB5C2918A93E0038E172 /* Assets.xcassets in Resources */,
				CA09E23329944F2500E4942B /* NTReachabilityVC.xib in Resources */,
				CA75DB5A2918A93C0038E172 /* Main.storyboard in Resources */,
				CAD60C9A297FD354006A01D5 /* NTCollectionViewCell.xib in Resources */,
				CA4F710F29407D4D007957D4 /* CustomEqualCell.xib in Resources */,
				CAD60C882973F3EE006A01D5 /* NTTips.xib in Resources */,
				CAD60C63296D262E006A01D5 /* PickerViewNoteVC.xib in Resources */,
				CAD60C6B296EB119006A01D5 /* CLJDatePickAndCityPickVC.xib in Resources */,
			);
			runOnlyForDeploymentPostprocessing = 0;
		};
/* End PBXResourcesBuildPhase section */

/* Begin PBXShellScriptBuildPhase section */
		6DAB71A2BCE3DB9BFE041057 /* [CP] Check Pods Manifest.lock */ = {
			isa = PBXShellScriptBuildPhase;
			buildActionMask = 2147483647;
			files = (
			);
			inputFileListPaths = (
			);
			inputPaths = (
				"${PODS_PODFILE_DIR_PATH}/Podfile.lock",
				"${PODS_ROOT}/Manifest.lock",
			);
			name = "[CP] Check Pods Manifest.lock";
			outputFileListPaths = (
			);
			outputPaths = (
				"$(DERIVED_FILE_DIR)/Pods-iOSNote-OC-checkManifestLockResult.txt",
			);
			runOnlyForDeploymentPostprocessing = 0;
			shellPath = /bin/sh;
			shellScript = "diff \"${PODS_PODFILE_DIR_PATH}/Podfile.lock\" \"${PODS_ROOT}/Manifest.lock\" > /dev/null\nif [ $? != 0 ] ; then\n    # print error to STDERR\n    echo \"error: The sandbox is not in sync with the Podfile.lock. Run 'pod install' or update your CocoaPods installation.\" >&2\n    exit 1\nfi\n# This output is used by Xcode 'outputs' to avoid re-running this script phase.\necho \"SUCCESS\" > \"${SCRIPT_OUTPUT_FILE_0}\"\n";
			showEnvVarsInLog = 0;
		};
		8BE3B0C0CFCF09BBA541C96E /* [CP] Embed Pods Frameworks */ = {
			isa = PBXShellScriptBuildPhase;
			buildActionMask = 2147483647;
			files = (
			);
			inputFileListPaths = (
				"${PODS_ROOT}/Target Support Files/Pods-iOSNote-OC/Pods-iOSNote-OC-frameworks-${CONFIGURATION}-input-files.xcfilelist",
			);
			name = "[CP] Embed Pods Frameworks";
			outputFileListPaths = (
				"${PODS_ROOT}/Target Support Files/Pods-iOSNote-OC/Pods-iOSNote-OC-frameworks-${CONFIGURATION}-output-files.xcfilelist",
			);
			runOnlyForDeploymentPostprocessing = 0;
			shellPath = /bin/sh;
			shellScript = "\"${PODS_ROOT}/Target Support Files/Pods-iOSNote-OC/Pods-iOSNote-OC-frameworks.sh\"\n";
			showEnvVarsInLog = 0;
		};
/* End PBXShellScriptBuildPhase section */

/* Begin PBXSourcesBuildPhase section */
		CA75DB482918A93C0038E172 /* Sources */ = {
			isa = PBXSourcesBuildPhase;
			buildActionMask = 2147483647;
			files = (
				CAD60C8E29755AF6006A01D5 /* NTValueTransmitVC.m in Sources */,
				CA75DB572918A93C0038E172 /* ViewController.m in Sources */,
				CAD60C99297FD354006A01D5 /* NTCollectionViewCell.m in Sources */,
				CAC023FC2918CD3D00B0A827 /* ViewNoteController.m in Sources */,
				CAD60C43294088CB006A01D5 /* XMGStatus.m in Sources */,
				CA09E22529924A4500E4942B /* NTOutputStreamVC.m in Sources */,
				CA09E23229944F2500E4942B /* NTReachabilityVC.m in Sources */,
				CAD60C7629715B61006A01D5 /* NTUIApplicationVC.m in Sources */,
				CAD60C6E296EB1E9006A01D5 /* XMGProvince.m in Sources */,
				CAD60C3A29407EFA006A01D5 /* XMGDeal.m in Sources */,
				CA09E2142990EC6A00E4942B /* NTOneDownFileVC.m in Sources */,
				CAD60C9F298244D7006A01D5 /* RedView.m in Sources */,
				CAD60C57294F6474006A01D5 /* XMGDealCell.m in Sources */,
				CADB038F293C9B7F00DBEDB6 /* XMGPageView.m in Sources */,
				CA09E23929947F9100E4942B /* NTHTMLABCVC.m in Sources */,
				CA75DB512918A93C0038E172 /* AppDelegate.m in Sources */,
				CA75DB622918A93E0038E172 /* main.m in Sources */,
				CA08AE482918DC7B00907C6E /* UIView+Tools.m in Sources */,
				CA09E21C2992269600E4942B /* NTZipArchiveVC.m in Sources */,
				CAD60C94297802AE006A01D5 /* NTUICollectionViewVC.m in Sources */,
				CAD60CBA298680E3006A01D5 /* XMGPerson.m in Sources */,
				CAC89CB12938E7E900ED408E /* ScrollVC.m in Sources */,
				CAD60C7A29716502006A01D5 /* NTAppDelegate.m in Sources */,
				CA09E22C29944CCB00E4942B /* NTAFNUploadVC.m in Sources */,
				CAD60C872973F3EE006A01D5 /* NTTips.m in Sources */,
				CA4F710E29407D4D007957D4 /* CustomEqualCell.m in Sources */,
				CAD60C45294088CB006A01D5 /* XMGStatusCell.m in Sources */,
				CAC89CA52938DAA000ED408E /* CustomViewClass.m in Sources */,
				CAC89C9329385C5300ED408E /* PlistLoadVC.m in Sources */,
				CAC89C9D29385E8900ED408E /* XcodeVC.m in Sources */,
				CAD60CAB298274C5006A01D5 /* NTImageDrawVC.m in Sources */,
				CAD60C5C294F64C7006A01D5 /* XMGDealsViewController.m in Sources */,
				CAD60CAF29827845006A01D5 /* UIImage+Image.m in Sources */,
				CAD60CA42982534C006A01D5 /* NTGestureVC.m in Sources */,
				CAD60C62296D262E006A01D5 /* PickerViewNoteVC.m in Sources */,
				CAD60C812973E4AF006A01D5 /* NTNavVC.m in Sources */,
				CADB0395293DF20400DBEDB6 /* TableViewNoteVC.m in Sources */,
				CAF491C429953A370052B16B /* NTWebViewOCAndJSVC.m in Sources */,
				CA75DB542918A93C0038E172 /* SceneDelegate.m in Sources */,
				CAD60C6A296EB119006A01D5 /* CLJDatePickAndCityPickVC.m in Sources */,
				CAD60CB42984F571006A01D5 /* NTClipImageVC.m in Sources */,
			);
			runOnlyForDeploymentPostprocessing = 0;
		};
/* End PBXSourcesBuildPhase section */

/* Begin PBXVariantGroup section */
		CA75DB582918A93C0038E172 /* Main.storyboard */ = {
			isa = PBXVariantGroup;
			children = (
				CA75DB592918A93C0038E172 /* Base */,
			);
			name = Main.storyboard;
			sourceTree = "<group>";
		};
		CA75DB5D2918A93E0038E172 /* LaunchScreen.storyboard */ = {
			isa = PBXVariantGroup;
			children = (
				CA75DB5E2918A93E0038E172 /* Base */,
			);
			name = LaunchScreen.storyboard;
			sourceTree = "<group>";
		};
/* End PBXVariantGroup section */

/* Begin XCBuildConfiguration section */
		CA75DB632918A93E0038E172 /* Debug */ = {
			isa = XCBuildConfiguration;
			buildSettings = {
				ALWAYS_SEARCH_USER_PATHS = NO;
				CLANG_ANALYZER_NONNULL = YES;
				CLANG_ANALYZER_NUMBER_OBJECT_CONVERSION = YES_AGGRESSIVE;
				CLANG_CXX_LANGUAGE_STANDARD = "gnu++20";
				CLANG_ENABLE_MODULES = YES;
				CLANG_ENABLE_OBJC_ARC = YES;
				CLANG_ENABLE_OBJC_WEAK = YES;
				CLANG_WARN_BLOCK_CAPTURE_AUTORELEASING = YES;
				CLANG_WARN_BOOL_CONVERSION = YES;
				CLANG_WARN_COMMA = YES;
				CLANG_WARN_CONSTANT_CONVERSION = YES;
				CLANG_WARN_DEPRECATED_OBJC_IMPLEMENTATIONS = YES;
				CLANG_WARN_DIRECT_OBJC_ISA_USAGE = YES_ERROR;
				CLANG_WARN_DOCUMENTATION_COMMENTS = YES;
				CLANG_WARN_EMPTY_BODY = YES;
				CLANG_WARN_ENUM_CONVERSION = YES;
				CLANG_WARN_INFINITE_RECURSION = YES;
				CLANG_WARN_INT_CONVERSION = YES;
				CLANG_WARN_NON_LITERAL_NULL_CONVERSION = YES;
				CLANG_WARN_OBJC_IMPLICIT_RETAIN_SELF = YES;
				CLANG_WARN_OBJC_LITERAL_CONVERSION = YES;
				CLANG_WARN_OBJC_ROOT_CLASS = YES_ERROR;
				CLANG_WARN_QUOTED_INCLUDE_IN_FRAMEWORK_HEADER = YES;
				CLANG_WARN_RANGE_LOOP_ANALYSIS = YES;
				CLANG_WARN_STRICT_PROTOTYPES = YES;
				CLANG_WARN_SUSPICIOUS_MOVE = YES;
				CLANG_WARN_UNGUARDED_AVAILABILITY = YES_AGGRESSIVE;
				CLANG_WARN_UNREACHABLE_CODE = YES;
				CLANG_WARN__DUPLICATE_METHOD_MATCH = YES;
				COPY_PHASE_STRIP = NO;
				DEBUG_INFORMATION_FORMAT = dwarf;
				ENABLE_STRICT_OBJC_MSGSEND = YES;
				ENABLE_TESTABILITY = YES;
				GCC_C_LANGUAGE_STANDARD = gnu11;
				GCC_DYNAMIC_NO_PIC = NO;
				GCC_NO_COMMON_BLOCKS = YES;
				GCC_OPTIMIZATION_LEVEL = 0;
				GCC_PRECOMPILE_PREFIX_HEADER = YES;
				GCC_PREFIX_HEADER = "$(SRCROOT)/iOSNote-OC/PrefixHeader.pch";
				GCC_PREPROCESSOR_DEFINITIONS = (
					"DEBUG=1",
					"$(inherited)",
				);
				GCC_WARN_64_TO_32_BIT_CONVERSION = YES;
				GCC_WARN_ABOUT_RETURN_TYPE = YES_ERROR;
				GCC_WARN_UNDECLARED_SELECTOR = YES;
				GCC_WARN_UNINITIALIZED_AUTOS = YES_AGGRESSIVE;
				GCC_WARN_UNUSED_FUNCTION = YES;
				GCC_WARN_UNUSED_VARIABLE = YES;
				IPHONEOS_DEPLOYMENT_TARGET = 16.0;
				MTL_ENABLE_DEBUG_INFO = INCLUDE_SOURCE;
				MTL_FAST_MATH = YES;
				ONLY_ACTIVE_ARCH = YES;
				SDKROOT = iphoneos;
			};
			name = Debug;
		};
		CA75DB642918A93E0038E172 /* Release */ = {
			isa = XCBuildConfiguration;
			buildSettings = {
				ALWAYS_SEARCH_USER_PATHS = NO;
				CLANG_ANALYZER_NONNULL = YES;
				CLANG_ANALYZER_NUMBER_OBJECT_CONVERSION = YES_AGGRESSIVE;
				CLANG_CXX_LANGUAGE_STANDARD = "gnu++20";
				CLANG_ENABLE_MODULES = YES;
				CLANG_ENABLE_OBJC_ARC = YES;
				CLANG_ENABLE_OBJC_WEAK = YES;
				CLANG_WARN_BLOCK_CAPTURE_AUTORELEASING = YES;
				CLANG_WARN_BOOL_CONVERSION = YES;
				CLANG_WARN_COMMA = YES;
				CLANG_WARN_CONSTANT_CONVERSION = YES;
				CLANG_WARN_DEPRECATED_OBJC_IMPLEMENTATIONS = YES;
				CLANG_WARN_DIRECT_OBJC_ISA_USAGE = YES_ERROR;
				CLANG_WARN_DOCUMENTATION_COMMENTS = YES;
				CLANG_WARN_EMPTY_BODY = YES;
				CLANG_WARN_ENUM_CONVERSION = YES;
				CLANG_WARN_INFINITE_RECURSION = YES;
				CLANG_WARN_INT_CONVERSION = YES;
				CLANG_WARN_NON_LITERAL_NULL_CONVERSION = YES;
				CLANG_WARN_OBJC_IMPLICIT_RETAIN_SELF = YES;
				CLANG_WARN_OBJC_LITERAL_CONVERSION = YES;
				CLANG_WARN_OBJC_ROOT_CLASS = YES_ERROR;
				CLANG_WARN_QUOTED_INCLUDE_IN_FRAMEWORK_HEADER = YES;
				CLANG_WARN_RANGE_LOOP_ANALYSIS = YES;
				CLANG_WARN_STRICT_PROTOTYPES = YES;
				CLANG_WARN_SUSPICIOUS_MOVE = YES;
				CLANG_WARN_UNGUARDED_AVAILABILITY = YES_AGGRESSIVE;
				CLANG_WARN_UNREACHABLE_CODE = YES;
				CLANG_WARN__DUPLICATE_METHOD_MATCH = YES;
				COPY_PHASE_STRIP = NO;
				DEBUG_INFORMATION_FORMAT = "dwarf-with-dsym";
				ENABLE_NS_ASSERTIONS = NO;
				ENABLE_STRICT_OBJC_MSGSEND = YES;
				GCC_C_LANGUAGE_STANDARD = gnu11;
				GCC_NO_COMMON_BLOCKS = YES;
				GCC_PRECOMPILE_PREFIX_HEADER = YES;
				GCC_PREFIX_HEADER = "$(SRCROOT)/iOSNote-OC/PrefixHeader.pch";
				GCC_WARN_64_TO_32_BIT_CONVERSION = YES;
				GCC_WARN_ABOUT_RETURN_TYPE = YES_ERROR;
				GCC_WARN_UNDECLARED_SELECTOR = YES;
				GCC_WARN_UNINITIALIZED_AUTOS = YES_AGGRESSIVE;
				GCC_WARN_UNUSED_FUNCTION = YES;
				GCC_WARN_UNUSED_VARIABLE = YES;
				IPHONEOS_DEPLOYMENT_TARGET = 16.0;
				MTL_ENABLE_DEBUG_INFO = NO;
				MTL_FAST_MATH = YES;
				SDKROOT = iphoneos;
				VALIDATE_PRODUCT = YES;
			};
			name = Release;
		};
		CA75DB662918A93E0038E172 /* Debug */ = {
			isa = XCBuildConfiguration;
			baseConfigurationReference = AEC64D221D2C1FB194FFEA45 /* Pods-iOSNote-OC.debug.xcconfig */;
			buildSettings = {
				ASSETCATALOG_COMPILER_APPICON_NAME = AppIcon;
				ASSETCATALOG_COMPILER_GLOBAL_ACCENT_COLOR_NAME = AccentColor;
				ASSETCATALOG_COMPILER_INCLUDE_ALL_APPICON_ASSETS = NO;
				CODE_SIGN_STYLE = Automatic;
				CURRENT_PROJECT_VERSION = 1;
				DEVELOPMENT_TEAM = P2F7HH3P2K;
				GENERATE_INFOPLIST_FILE = YES;
				INFOPLIST_FILE = "iOSNote-OC/Info.plist";
				INFOPLIST_KEY_UIApplicationSupportsIndirectInputEvents = YES;
				INFOPLIST_KEY_UILaunchStoryboardName = LaunchScreen;
				INFOPLIST_KEY_UIMainStoryboardFile = Main;
				INFOPLIST_KEY_UISupportedInterfaceOrientations_iPad = "UIInterfaceOrientationPortrait UIInterfaceOrientationPortraitUpsideDown UIInterfaceOrientationLandscapeLeft UIInterfaceOrientationLandscapeRight";
				INFOPLIST_KEY_UISupportedInterfaceOrientations_iPhone = "UIInterfaceOrientationPortrait UIInterfaceOrientationLandscapeLeft UIInterfaceOrientationLandscapeRight";
				LD_RUNPATH_SEARCH_PATHS = (
					"$(inherited)",
					"@executable_path/Frameworks",
				);
				MARKETING_VERSION = 1.0;
				PRODUCT_BUNDLE_IDENTIFIER = "CLJ.iOSNote-OC";
				PRODUCT_NAME = "$(TARGET_NAME)";
				SWIFT_EMIT_LOC_STRINGS = YES;
				TARGETED_DEVICE_FAMILY = "1,2";
			};
			name = Debug;
		};
		CA75DB672918A93E0038E172 /* Release */ = {
			isa = XCBuildConfiguration;
			baseConfigurationReference = 5A80020D78EAC93EB7782A82 /* Pods-iOSNote-OC.release.xcconfig */;
			buildSettings = {
				ASSETCATALOG_COMPILER_APPICON_NAME = AppIcon;
				ASSETCATALOG_COMPILER_GLOBAL_ACCENT_COLOR_NAME = AccentColor;
				ASSETCATALOG_COMPILER_INCLUDE_ALL_APPICON_ASSETS = NO;
				CODE_SIGN_STYLE = Automatic;
				CURRENT_PROJECT_VERSION = 1;
				DEVELOPMENT_TEAM = P2F7HH3P2K;
				GENERATE_INFOPLIST_FILE = YES;
				INFOPLIST_FILE = "iOSNote-OC/Info.plist";
				INFOPLIST_KEY_UIApplicationSupportsIndirectInputEvents = YES;
				INFOPLIST_KEY_UILaunchStoryboardName = LaunchScreen;
				INFOPLIST_KEY_UIMainStoryboardFile = Main;
				INFOPLIST_KEY_UISupportedInterfaceOrientations_iPad = "UIInterfaceOrientationPortrait UIInterfaceOrientationPortraitUpsideDown UIInterfaceOrientationLandscapeLeft UIInterfaceOrientationLandscapeRight";
				INFOPLIST_KEY_UISupportedInterfaceOrientations_iPhone = "UIInterfaceOrientationPortrait UIInterfaceOrientationLandscapeLeft UIInterfaceOrientationLandscapeRight";
				LD_RUNPATH_SEARCH_PATHS = (
					"$(inherited)",
					"@executable_path/Frameworks",
				);
				MARKETING_VERSION = 1.0;
				PRODUCT_BUNDLE_IDENTIFIER = "CLJ.iOSNote-OC";
				PRODUCT_NAME = "$(TARGET_NAME)";
				SWIFT_EMIT_LOC_STRINGS = YES;
				TARGETED_DEVICE_FAMILY = "1,2";
			};
			name = Release;
		};
/* End XCBuildConfiguration section */

/* Begin XCConfigurationList section */
		CA75DB472918A93C0038E172 /* Build configuration list for PBXProject "iOSNote-OC" */ = {
			isa = XCConfigurationList;
			buildConfigurations = (
				CA75DB632918A93E0038E172 /* Debug */,
				CA75DB642918A93E0038E172 /* Release */,
			);
			defaultConfigurationIsVisible = 0;
			defaultConfigurationName = Release;
		};
		CA75DB652918A93E0038E172 /* Build configuration list for PBXNativeTarget "iOSNote-OC" */ = {
			isa = XCConfigurationList;
			buildConfigurations = (
				CA75DB662918A93E0038E172 /* Debug */,
				CA75DB672918A93E0038E172 /* Release */,
			);
			defaultConfigurationIsVisible = 0;
			defaultConfigurationName = Release;
		};
/* End XCConfigurationList section */
	};
	rootObject = CA75DB442918A93C0038E172 /* Project object */;
}
